
Microsoft Visual Studio Solution File, Format Version 12.00
# Visual Studio Version 17
VisualStudioVersion = 17.7.34009.444
MinimumVisualStudioVersion = 10.0.40219.1
Project("{8BC9CEB8-8B4A-11D0-8D11-00A0C91BC942}") = "히프트리연습", "히프트리연습\히프트리연습.vcxproj", "{9E5655A7-5AD9-47FD-8DF1-2D3D1E1B0FE7}"
EndProject
Global
	GlobalSection(SolutionConfigurationPlatforms) = preSolution
		Debug|x64 = Debug|x64
		Debug|x86 = Debug|x86
		Release|x64 = Release|x64
		Release|x86 = Release|x86
	EndGlobalSection
	GlobalSection(ProjectConfigurationPlatforms) = postSolution
		{9E5655A7-5AD9-47FD-8DF1-2D3D1E1B0FE7}.Debug|x64.ActiveCfg = Debug|x64
		{9E5655A7-5AD9-47FD-8DF1-2D3D1E1B0FE7}.Debug|x64.Build.0 = Debug|x64
		{9E5655A7-5AD9-47FD-8DF1-2D3D1E1B0FE7}.Debug|x86.ActiveCfg = Debug|Win32
		{9E5655A7-5AD9-47FD-8DF1-2D3D1E1B0FE7}.Debug|x86.Build.0 = Debug|Win32
		{9E5655A7-5AD9-47FD-8DF1-2D3D1E1B0FE7}.Release|x64.ActiveCfg = Release|x64
		{9E5655A7-5AD9-47FD-8DF1-2D3D1E1B0FE7}.Release|x64.Build.0 = Release|x64
		{9E5655A7-5AD9-47FD-8DF1-2D3D1E1B0FE7}.Release|x86.ActiveCfg = Release|Win32
		{9E5655A7-5AD9-47FD-8DF1-2D3D1E1B0FE7}.Release|x86.Build.0 = Release|Win32
	EndGlobalSection
	GlobalSection(SolutionProperties) = preSolution
		HideSolutionNode = FALSE
	EndGlobalSection
	GlobalSection(ExtensibilityGlobals) = postSolution
		SolutionGuid = {5C16B539-0564-447D-B705-049474D3F078}
	EndGlobalSection
EndGlobal
