
Microsoft Visual Studio Solution File, Format Version 12.00
# Visual Studio Version 17
VisualStudioVersion = 17.7.34009.444
MinimumVisualStudioVersion = 10.0.40219.1
Project("{8BC9CEB8-8B4A-11D0-8D11-00A0C91BC942}") = "연결리스트 피보나치 큐", "연결리스트 피보나치 큐\연결리스트 피보나치 큐.vcxproj", "{BC92D669-D6FF-467D-9A5F-DB48617F7EBA}"
EndProject
Global
	GlobalSection(SolutionConfigurationPlatforms) = preSolution
		Debug|x64 = Debug|x64
		Debug|x86 = Debug|x86
		Release|x64 = Release|x64
		Release|x86 = Release|x86
	EndGlobalSection
	GlobalSection(ProjectConfigurationPlatforms) = postSolution
		{BC92D669-D6FF-467D-9A5F-DB48617F7EBA}.Debug|x64.ActiveCfg = Debug|x64
		{BC92D669-D6FF-467D-9A5F-DB48617F7EBA}.Debug|x64.Build.0 = Debug|x64
		{BC92D669-D6FF-467D-9A5F-DB48617F7EBA}.Debug|x86.ActiveCfg = Debug|Win32
		{BC92D669-D6FF-467D-9A5F-DB48617F7EBA}.Debug|x86.Build.0 = Debug|Win32
		{BC92D669-D6FF-467D-9A5F-DB48617F7EBA}.Release|x64.ActiveCfg = Release|x64
		{BC92D669-D6FF-467D-9A5F-DB48617F7EBA}.Release|x64.Build.0 = Release|x64
		{BC92D669-D6FF-467D-9A5F-DB48617F7EBA}.Release|x86.ActiveCfg = Release|Win32
		{BC92D669-D6FF-467D-9A5F-DB48617F7EBA}.Release|x86.Build.0 = Release|Win32
	EndGlobalSection
	GlobalSection(SolutionProperties) = preSolution
		HideSolutionNode = FALSE
	EndGlobalSection
	GlobalSection(ExtensibilityGlobals) = postSolution
		SolutionGuid = {9EE17EE1-BA92-459A-ADFA-3AD89CF8A267}
	EndGlobalSection
EndGlobal
