
Microsoft Visual Studio Solution File, Format Version 12.00
# Visual Studio Version 17
VisualStudioVersion = 17.7.34009.444
MinimumVisualStudioVersion = 10.0.40219.1
Project("{8BC9CEB8-8B4A-11D0-8D11-00A0C91BC942}") = "cpp_6_7", "cpp_6_7\cpp_6_7.vcxproj", "{FA859762-1416-4B85-9185-1015831F1924}"
EndProject
Global
	GlobalSection(SolutionConfigurationPlatforms) = preSolution
		Debug|x64 = Debug|x64
		Debug|x86 = Debug|x86
		Release|x64 = Release|x64
		Release|x86 = Release|x86
	EndGlobalSection
	GlobalSection(ProjectConfigurationPlatforms) = postSolution
		{FA859762-1416-4B85-9185-1015831F1924}.Debug|x64.ActiveCfg = Debug|x64
		{FA859762-1416-4B85-9185-1015831F1924}.Debug|x64.Build.0 = Debug|x64
		{FA859762-1416-4B85-9185-1015831F1924}.Debug|x86.ActiveCfg = Debug|Win32
		{FA859762-1416-4B85-9185-1015831F1924}.Debug|x86.Build.0 = Debug|Win32
		{FA859762-1416-4B85-9185-1015831F1924}.Release|x64.ActiveCfg = Release|x64
		{FA859762-1416-4B85-9185-1015831F1924}.Release|x64.Build.0 = Release|x64
		{FA859762-1416-4B85-9185-1015831F1924}.Release|x86.ActiveCfg = Release|Win32
		{FA859762-1416-4B85-9185-1015831F1924}.Release|x86.Build.0 = Release|Win32
	EndGlobalSection
	GlobalSection(SolutionProperties) = preSolution
		HideSolutionNode = FALSE
	EndGlobalSection
	GlobalSection(ExtensibilityGlobals) = postSolution
		SolutionGuid = {9BDFEE24-A1DC-4610-9B5B-C7EE5D89A52F}
	EndGlobalSection
EndGlobal
