
Microsoft Visual Studio Solution File, Format Version 12.00
# Visual Studio Version 17
VisualStudioVersion = 17.6.33829.357
MinimumVisualStudioVersion = 10.0.40219.1
Project("{8BC9CEB8-8B4A-11D0-8D11-00A0C91BC942}") = "cpp_5_4", "cpp_5_4\cpp_5_4.vcxproj", "{7C26C245-B11F-4B38-A0B2-E4099ED25C8E}"
EndProject
Global
	GlobalSection(SolutionConfigurationPlatforms) = preSolution
		Debug|x64 = Debug|x64
		Debug|x86 = Debug|x86
		Release|x64 = Release|x64
		Release|x86 = Release|x86
	EndGlobalSection
	GlobalSection(ProjectConfigurationPlatforms) = postSolution
		{7C26C245-B11F-4B38-A0B2-E4099ED25C8E}.Debug|x64.ActiveCfg = Debug|x64
		{7C26C245-B11F-4B38-A0B2-E4099ED25C8E}.Debug|x64.Build.0 = Debug|x64
		{7C26C245-B11F-4B38-A0B2-E4099ED25C8E}.Debug|x86.ActiveCfg = Debug|Win32
		{7C26C245-B11F-4B38-A0B2-E4099ED25C8E}.Debug|x86.Build.0 = Debug|Win32
		{7C26C245-B11F-4B38-A0B2-E4099ED25C8E}.Release|x64.ActiveCfg = Release|x64
		{7C26C245-B11F-4B38-A0B2-E4099ED25C8E}.Release|x64.Build.0 = Release|x64
		{7C26C245-B11F-4B38-A0B2-E4099ED25C8E}.Release|x86.ActiveCfg = Release|Win32
		{7C26C245-B11F-4B38-A0B2-E4099ED25C8E}.Release|x86.Build.0 = Release|Win32
	EndGlobalSection
	GlobalSection(SolutionProperties) = preSolution
		HideSolutionNode = FALSE
	EndGlobalSection
	GlobalSection(ExtensibilityGlobals) = postSolution
		SolutionGuid = {8D758C2C-5AE2-486A-A3EA-B05781C09F73}
	EndGlobalSection
EndGlobal
