
Microsoft Visual Studio Solution File, Format Version 12.00
# Visual Studio Version 17
VisualStudioVersion = 17.6.33829.357
MinimumVisualStudioVersion = 10.0.40219.1
Project("{8BC9CEB8-8B4A-11D0-8D11-00A0C91BC942}") = "cpp_5_3", "cpp_5_3\cpp_5_3.vcxproj", "{A992FA9F-80BB-4AA3-9F4D-B45A4FE5C72F}"
EndProject
Global
	GlobalSection(SolutionConfigurationPlatforms) = preSolution
		Debug|x64 = Debug|x64
		Debug|x86 = Debug|x86
		Release|x64 = Release|x64
		Release|x86 = Release|x86
	EndGlobalSection
	GlobalSection(ProjectConfigurationPlatforms) = postSolution
		{A992FA9F-80BB-4AA3-9F4D-B45A4FE5C72F}.Debug|x64.ActiveCfg = Debug|x64
		{A992FA9F-80BB-4AA3-9F4D-B45A4FE5C72F}.Debug|x64.Build.0 = Debug|x64
		{A992FA9F-80BB-4AA3-9F4D-B45A4FE5C72F}.Debug|x86.ActiveCfg = Debug|Win32
		{A992FA9F-80BB-4AA3-9F4D-B45A4FE5C72F}.Debug|x86.Build.0 = Debug|Win32
		{A992FA9F-80BB-4AA3-9F4D-B45A4FE5C72F}.Release|x64.ActiveCfg = Release|x64
		{A992FA9F-80BB-4AA3-9F4D-B45A4FE5C72F}.Release|x64.Build.0 = Release|x64
		{A992FA9F-80BB-4AA3-9F4D-B45A4FE5C72F}.Release|x86.ActiveCfg = Release|Win32
		{A992FA9F-80BB-4AA3-9F4D-B45A4FE5C72F}.Release|x86.Build.0 = Release|Win32
	EndGlobalSection
	GlobalSection(SolutionProperties) = preSolution
		HideSolutionNode = FALSE
	EndGlobalSection
	GlobalSection(ExtensibilityGlobals) = postSolution
		SolutionGuid = {DFF633A4-6B94-4DC3-B51E-4110BD304000}
	EndGlobalSection
EndGlobal
